// !$*UTF8*$!
{
	archiveVersion = 1;
	classes = {
	};
	objectVersion = 50;
	objects = {

/* Begin PBXBuildFile section */
		8A5D380B24C09615003B2824 /* AppDelegate.swift in Sources */ = {isa = PBXBuildFile; fileRef = 8A5D380A24C09615003B2824 /* AppDelegate.swift */; };
		8A5D380D24C09615003B2824 /* ViewController.swift in Sources */ = {isa = PBXBuildFile; fileRef = 8A5D380C24C09615003B2824 /* ViewController.swift */; };
		8A5D381024C09615003B2824 /* Main.storyboard in Resources */ = {isa = PBXBuildFile; fileRef = 8A5D380E24C09615003B2824 /* Main.storyboard */; };
		8A5D381224C09616003B2824 /* Assets.xcassets in Resources */ = {isa = PBXBuildFile; fileRef = 8A5D381124C09616003B2824 /* Assets.xcassets */; };
		8A5D381524C09616003B2824 /* LaunchScreen.storyboard in Resources */ = {isa = PBXBuildFile; fileRef = 8A5D381324C09616003B2824 /* LaunchScreen.storyboard */; };
		8A5D382024C09616003B2824 /* DesignPatternsTests.swift in Sources */ = {isa = PBXBuildFile; fileRef = 8A5D381F24C09616003B2824 /* DesignPatternsTests.swift */; };
		8A5D382B24C09616003B2824 /* DesignPatternsUITests.swift in Sources */ = {isa = PBXBuildFile; fileRef = 8A5D382A24C09616003B2824 /* DesignPatternsUITests.swift */; };
		8AF8A76324C7590E00B517E4 /* VCChapter01.swift in Sources */ = {isa = PBXBuildFile; fileRef = 8AF8A76224C7590E00B517E4 /* VCChapter01.swift */; };
		8AF8A76524C7623C00B517E4 /* BaseViewControllerSection01.swift in Sources */ = {isa = PBXBuildFile; fileRef = 8AF8A76424C7623C00B517E4 /* BaseViewControllerSection01.swift */; };
		8AF8A76724C771E000B517E4 /* Section1.storyboard in Resources */ = {isa = PBXBuildFile; fileRef = 8AF8A76624C771E000B517E4 /* Section1.storyboard */; };
/* End PBXBuildFile section */

/* Begin PBXContainerItemProxy section */
		8A5D381C24C09616003B2824 /* PBXContainerItemProxy */ = {
			isa = PBXContainerItemProxy;
			containerPortal = 8A5D37FF24C09615003B2824 /* Project object */;
			proxyType = 1;
			remoteGlobalIDString = 8A5D380624C09615003B2824;
			remoteInfo = DesignPatterns;
		};
		8A5D382724C09616003B2824 /* PBXContainerItemProxy */ = {
			isa = PBXContainerItemProxy;
			containerPortal = 8A5D37FF24C09615003B2824 /* Project object */;
			proxyType = 1;
			remoteGlobalIDString = 8A5D380624C09615003B2824;
			remoteInfo = DesignPatterns;
		};
/* End PBXContainerItemProxy section */

/* Begin PBXFileReference section */
		8A5D380724C09615003B2824 /* DesignPatterns.app */ = {isa = PBXFileReference; explicitFileType = wrapper.application; includeInIndex = 0; path = DesignPatterns.app; sourceTree = BUILT_PRODUCTS_DIR; };
		8A5D380A24C09615003B2824 /* AppDelegate.swift */ = {isa = PBXFileReference; lastKnownFileType = sourcecode.swift; path = AppDelegate.swift; sourceTree = "<group>"; };
		8A5D380C24C09615003B2824 /* ViewController.swift */ = {isa = PBXFileReference; lastKnownFileType = sourcecode.swift; path = ViewController.swift; sourceTree = "<group>"; };
		8A5D380F24C09615003B2824 /* Base */ = {isa = PBXFileReference; lastKnownFileType = file.storyboard; name = Base; path = Base.lproj/Main.storyboard; sourceTree = "<group>"; };
		8A5D381124C09616003B2824 /* Assets.xcassets */ = {isa = PBXFileReference; lastKnownFileType = folder.assetcatalog; path = Assets.xcassets; sourceTree = "<group>"; };
		8A5D381424C09616003B2824 /* Base */ = {isa = PBXFileReference; lastKnownFileType = file.storyboard; name = Base; path = Base.lproj/LaunchScreen.storyboard; sourceTree = "<group>"; };
		8A5D381624C09616003B2824 /* Info.plist */ = {isa = PBXFileReference; lastKnownFileType = text.plist.xml; path = Info.plist; sourceTree = "<group>"; };
		8A5D381B24C09616003B2824 /* DesignPatternsTests.xctest */ = {isa = PBXFileReference; explicitFileType = wrapper.cfbundle; includeInIndex = 0; path = DesignPatternsTests.xctest; sourceTree = BUILT_PRODUCTS_DIR; };
		8A5D381F24C09616003B2824 /* DesignPatternsTests.swift */ = {isa = PBXFileReference; lastKnownFileType = sourcecode.swift; path = DesignPatternsTests.swift; sourceTree = "<group>"; };
		8A5D382124C09616003B2824 /* Info.plist */ = {isa = PBXFileReference; lastKnownFileType = text.plist.xml; path = Info.plist; sourceTree = "<group>"; };
		8A5D382624C09616003B2824 /* DesignPatternsUITests.xctest */ = {isa = PBXFileReference; explicitFileType = wrapper.cfbundle; includeInIndex = 0; path = DesignPatternsUITests.xctest; sourceTree = BUILT_PRODUCTS_DIR; };
		8A5D382A24C09616003B2824 /* DesignPatternsUITests.swift */ = {isa = PBXFileReference; lastKnownFileType = sourcecode.swift; path = DesignPatternsUITests.swift; sourceTree = "<group>"; };
		8A5D382C24C09616003B2824 /* Info.plist */ = {isa = PBXFileReference; lastKnownFileType = text.plist.xml; path = Info.plist; sourceTree = "<group>"; };
		8AF8A76224C7590E00B517E4 /* VCChapter01.swift */ = {isa = PBXFileReference; lastKnownFileType = sourcecode.swift; path = VCChapter01.swift; sourceTree = "<group>"; };
		8AF8A76424C7623C00B517E4 /* BaseViewControllerSection01.swift */ = {isa = PBXFileReference; lastKnownFileType = sourcecode.swift; path = BaseViewControllerSection01.swift; sourceTree = "<group>"; };
		8AF8A76624C771E000B517E4 /* Section1.storyboard */ = {isa = PBXFileReference; lastKnownFileType = file.storyboard; path = Section1.storyboard; sourceTree = "<group>"; };
/* End PBXFileReference section */

/* Begin PBXFrameworksBuildPhase section */
		8A5D380424C09615003B2824 /* Frameworks */ = {
			isa = PBXFrameworksBuildPhase;
			buildActionMask = 2147483647;
			files = (
			);
			runOnlyForDeploymentPostprocessing = 0;
		};
		8A5D381824C09616003B2824 /* Frameworks */ = {
			isa = PBXFrameworksBuildPhase;
			buildActionMask = 2147483647;
			files = (
			);
			runOnlyForDeploymentPostprocessing = 0;
		};
		8A5D382324C09616003B2824 /* Frameworks */ = {
			isa = PBXFrameworksBuildPhase;
			buildActionMask = 2147483647;
			files = (
			);
			runOnlyForDeploymentPostprocessing = 0;
		};
/* End PBXFrameworksBuildPhase section */

/* Begin PBXGroup section */
		8A5D37FE24C09615003B2824 = {
			isa = PBXGroup;
			children = (
				8A5D380924C09615003B2824 /* DesignPatterns */,
				8A5D381E24C09616003B2824 /* DesignPatternsTests */,
				8A5D382924C09616003B2824 /* DesignPatternsUITests */,
				8A5D380824C09615003B2824 /* Products */,
			);
			sourceTree = "<group>";
		};
		8A5D380824C09615003B2824 /* Products */ = {
			isa = PBXGroup;
			children = (
				8A5D380724C09615003B2824 /* DesignPatterns.app */,
				8A5D381B24C09616003B2824 /* DesignPatternsTests.xctest */,
				8A5D382624C09616003B2824 /* DesignPatternsUITests.xctest */,
			);
			name = Products;
			sourceTree = "<group>";
		};
		8A5D380924C09615003B2824 /* DesignPatterns */ = {
			isa = PBXGroup;
			children = (
				8AF8A76124C758AF00B517E4 /* Section_1 */,
				8A5D380A24C09615003B2824 /* AppDelegate.swift */,
				8A5D380C24C09615003B2824 /* ViewController.swift */,
				8A5D380E24C09615003B2824 /* Main.storyboard */,
				8A5D381124C09616003B2824 /* Assets.xcassets */,
				8A5D381324C09616003B2824 /* LaunchScreen.storyboard */,
				8A5D381624C09616003B2824 /* Info.plist */,
			);
			path = DesignPatterns;
			sourceTree = "<group>";
		};
		8A5D381E24C09616003B2824 /* DesignPatternsTests */ = {
			isa = PBXGroup;
			children = (
				8A5D381F24C09616003B2824 /* DesignPatternsTests.swift */,
				8A5D382124C09616003B2824 /* Info.plist */,
			);
			path = DesignPatternsTests;
			sourceTree = "<group>";
		};
		8A5D382924C09616003B2824 /* DesignPatternsUITests */ = {
			isa = PBXGroup;
			children = (
				8A5D382A24C09616003B2824 /* DesignPatternsUITests.swift */,
				8A5D382C24C09616003B2824 /* Info.plist */,
			);
			path = DesignPatternsUITests;
			sourceTree = "<group>";
		};
		8AF8A76124C758AF00B517E4 /* Section_1 */ = {
			isa = PBXGroup;
			children = (
				8AF8A76624C771E000B517E4 /* Section1.storyboard */,
				8AF8A76424C7623C00B517E4 /* BaseViewControllerSection01.swift */,
				8AF8A76224C7590E00B517E4 /* VCChapter01.swift */,
			);
			path = Section_1;
			sourceTree = "<group>";
		};
/* End PBXGroup section */

/* Begin PBXNativeTarget section */
		8A5D380624C09615003B2824 /* DesignPatterns */ = {
			isa = PBXNativeTarget;
			buildConfigurationList = 8A5D382F24C09616003B2824 /* Build configuration list for PBXNativeTarget "DesignPatterns" */;
			buildPhases = (
				8A5D380324C09615003B2824 /* Sources */,
				8A5D380424C09615003B2824 /* Frameworks */,
				8A5D380524C09615003B2824 /* Resources */,
			);
			buildRules = (
			);
			dependencies = (
			);
			name = DesignPatterns;
			productName = DesignPatterns;
			productReference = 8A5D380724C09615003B2824 /* DesignPatterns.app */;
			productType = "com.apple.product-type.application";
		};
		8A5D381A24C09616003B2824 /* DesignPatternsTests */ = {
			isa = PBXNativeTarget;
			buildConfigurationList = 8A5D383224C09616003B2824 /* Build configuration list for PBXNativeTarget "DesignPatternsTests" */;
			buildPhases = (
				8A5D381724C09616003B2824 /* Sources */,
				8A5D381824C09616003B2824 /* Frameworks */,
				8A5D381924C09616003B2824 /* Resources */,
			);
			buildRules = (
			);
			dependencies = (
				8A5D381D24C09616003B2824 /* PBXTargetDependency */,
			);
			name = DesignPatternsTests;
			productName = DesignPatternsTests;
			productReference = 8A5D381B24C09616003B2824 /* DesignPatternsTests.xctest */;
			productType = "com.apple.product-type.bundle.unit-test";
		};
		8A5D382524C09616003B2824 /* DesignPatternsUITests */ = {
			isa = PBXNativeTarget;
			buildConfigurationList = 8A5D383524C09616003B2824 /* Build configuration list for PBXNativeTarget "DesignPatternsUITests" */;
			buildPhases = (
				8A5D382224C09616003B2824 /* Sources */,
				8A5D382324C09616003B2824 /* Frameworks */,
				8A5D382424C09616003B2824 /* Resources */,
			);
			buildRules = (
			);
			dependencies = (
				8A5D382824C09616003B2824 /* PBXTargetDependency */,
			);
			name = DesignPatternsUITests;
			productName = DesignPatternsUITests;
			productReference = 8A5D382624C09616003B2824 /* DesignPatternsUITests.xctest */;
			productType = "com.apple.product-type.bundle.ui-testing";
		};
/* End PBXNativeTarget section */

/* Begin PBXProject section */
		8A5D37FF24C09615003B2824 /* Project object */ = {
			isa = PBXProject;
			attributes = {
				LastSwiftUpdateCheck = 1030;
				LastUpgradeCheck = 1030;
				ORGANIZATIONNAME = HaiKaito;
				TargetAttributes = {
					8A5D380624C09615003B2824 = {
						CreatedOnToolsVersion = 10.3;
					};
					8A5D381A24C09616003B2824 = {
						CreatedOnToolsVersion = 10.3;
						TestTargetID = 8A5D380624C09615003B2824;
					};
					8A5D382524C09616003B2824 = {
						CreatedOnToolsVersion = 10.3;
						TestTargetID = 8A5D380624C09615003B2824;
					};
				};
			};
			buildConfigurationList = 8A5D380224C09615003B2824 /* Build configuration list for PBXProject "DesignPatterns" */;
			compatibilityVersion = "Xcode 9.3";
			developmentRegion = en;
			hasScannedForEncodings = 0;
			knownRegions = (
				en,
				Base,
			);
			mainGroup = 8A5D37FE24C09615003B2824;
			productRefGroup = 8A5D380824C09615003B2824 /* Products */;
			projectDirPath = "";
			projectRoot = "";
			targets = (
				8A5D380624C09615003B2824 /* DesignPatterns */,
				8A5D381A24C09616003B2824 /* DesignPatternsTests */,
				8A5D382524C09616003B2824 /* DesignPatternsUITests */,
			);
		};
/* End PBXProject section */

/* Begin PBXResourcesBuildPhase section */
		8A5D380524C09615003B2824 /* Resources */ = {
			isa = PBXResourcesBuildPhase;
			buildActionMask = 2147483647;
			files = (
				8AF8A76724C771E000B517E4 /* Section1.storyboard in Resources */,
				8A5D381524C09616003B2824 /* LaunchScreen.storyboard in Resources */,
				8A5D381224C09616003B2824 /* Assets.xcassets in Resources */,
				8A5D381024C09615003B2824 /* Main.storyboard in Resources */,
			);
			runOnlyForDeploymentPostprocessing = 0;
		};
		8A5D381924C09616003B2824 /* Resources */ = {
			isa = PBXResourcesBuildPhase;
			buildActionMask = 2147483647;
			files = (
			);
			runOnlyForDeploymentPostprocessing = 0;
		};
		8A5D382424C09616003B2824 /* Resources */ = {
			isa = PBXResourcesBuildPhase;
			buildActionMask = 2147483647;
			files = (
			);
			runOnlyForDeploymentPostprocessing = 0;
		};
/* End PBXResourcesBuildPhase section */

/* Begin PBXSourcesBuildPhase section */
		8A5D380324C09615003B2824 /* Sources */ = {
			isa = PBXSourcesBuildPhase;
			buildActionMask = 2147483647;
			files = (
				8AF8A76524C7623C00B517E4 /* BaseViewControllerSection01.swift in Sources */,
				8A5D380D24C09615003B2824 /* ViewController.swift in Sources */,
				8AF8A76324C7590E00B517E4 /* VCChapter01.swift in Sources */,
				8A5D380B24C09615003B2824 /* AppDelegate.swift in Sources */,
			);
			runOnlyForDeploymentPostprocessing = 0;
		};
		8A5D381724C09616003B2824 /* Sources */ = {
			isa = PBXSourcesBuildPhase;
			buildActionMask = 2147483647;
			files = (
				8A5D382024C09616003B2824 /* DesignPatternsTests.swift in Sources */,
			);
			runOnlyForDeploymentPostprocessing = 0;
		};
		8A5D382224C09616003B2824 /* Sources */ = {
			isa = PBXSourcesBuildPhase;
			buildActionMask = 2147483647;
			files = (
				8A5D382B24C09616003B2824 /* DesignPatternsUITests.swift in Sources */,
			);
			runOnlyForDeploymentPostprocessing = 0;
		};
/* End PBXSourcesBuildPhase section */

/* Begin PBXTargetDependency section */
		8A5D381D24C09616003B2824 /* PBXTargetDependency */ = {
			isa = PBXTargetDependency;
			target = 8A5D380624C09615003B2824 /* DesignPatterns */;
			targetProxy = 8A5D381C24C09616003B2824 /* PBXContainerItemProxy */;
		};
		8A5D382824C09616003B2824 /* PBXTargetDependency */ = {
			isa = PBXTargetDependency;
			target = 8A5D380624C09615003B2824 /* DesignPatterns */;
			targetProxy = 8A5D382724C09616003B2824 /* PBXContainerItemProxy */;
		};
/* End PBXTargetDependency section */

/* Begin PBXVariantGroup section */
		8A5D380E24C09615003B2824 /* Main.storyboard */ = {
			isa = PBXVariantGroup;
			children = (
				8A5D380F24C09615003B2824 /* Base */,
			);
			name = Main.storyboard;
			sourceTree = "<group>";
		};
		8A5D381324C09616003B2824 /* LaunchScreen.storyboard */ = {
			isa = PBXVariantGroup;
			children = (
				8A5D381424C09616003B2824 /* Base */,
			);
			name = LaunchScreen.storyboard;
			sourceTree = "<group>";
		};
/* End PBXVariantGroup section */

/* Begin XCBuildConfiguration section */
		8A5D382D24C09616003B2824 /* Debug */ = {
			isa = XCBuildConfiguration;
			buildSettings = {
				ALWAYS_SEARCH_USER_PATHS = NO;
				CLANG_ANALYZER_NONNULL = YES;
				CLANG_ANALYZER_NUMBER_OBJECT_CONVERSION = YES_AGGRESSIVE;
				CLANG_CXX_LANGUAGE_STANDARD = "gnu++14";
				CLANG_CXX_LIBRARY = "libc++";
				CLANG_ENABLE_MODULES = YES;
				CLANG_ENABLE_OBJC_ARC = YES;
				CLANG_ENABLE_OBJC_WEAK = YES;
				CLANG_WARN_BLOCK_CAPTURE_AUTORELEASING = YES;
				CLANG_WARN_BOOL_CONVERSION = YES;
				CLANG_WARN_COMMA = YES;
				CLANG_WARN_CONSTANT_CONVERSION = YES;
				CLANG_WARN_DEPRECATED_OBJC_IMPLEMENTATIONS = YES;
				CLANG_WARN_DIRECT_OBJC_ISA_USAGE = YES_ERROR;
				CLANG_WARN_DOCUMENTATION_COMMENTS = YES;
				CLANG_WARN_EMPTY_BODY = YES;
				CLANG_WARN_ENUM_CONVERSION = YES;
				CLANG_WARN_INFINITE_RECURSION = YES;
				CLANG_WARN_INT_CONVERSION = YES;
				CLANG_WARN_NON_LITERAL_NULL_CONVERSION = YES;
				CLANG_WARN_OBJC_IMPLICIT_RETAIN_SELF = YES;
				CLANG_WARN_OBJC_LITERAL_CONVERSION = YES;
				CLANG_WARN_OBJC_ROOT_CLASS = YES_ERROR;
				CLANG_WARN_RANGE_LOOP_ANALYSIS = YES;
				CLANG_WARN_STRICT_PROTOTYPES = YES;
				CLANG_WARN_SUSPICIOUS_MOVE = YES;
				CLANG_WARN_UNGUARDED_AVAILABILITY = YES_AGGRESSIVE;
				CLANG_WARN_UNREACHABLE_CODE = YES;
				CLANG_WARN__DUPLICATE_METHOD_MATCH = YES;
				CODE_SIGN_IDENTITY = "iPhone Developer";
				COPY_PHASE_STRIP = NO;
				DEBUG_INFORMATION_FORMAT = dwarf;
				ENABLE_STRICT_OBJC_MSGSEND = YES;
				ENABLE_TESTABILITY = YES;
				GCC_C_LANGUAGE_STANDARD = gnu11;
				GCC_DYNAMIC_NO_PIC = NO;
				GCC_NO_COMMON_BLOCKS = YES;
				GCC_OPTIMIZATION_LEVEL = 0;
				GCC_PREPROCESSOR_DEFINITIONS = (
					"DEBUG=1",
					"$(inherited)",
				);
				GCC_WARN_64_TO_32_BIT_CONVERSION = YES;
				GCC_WARN_ABOUT_RETURN_TYPE = YES_ERROR;
				GCC_WARN_UNDECLARED_SELECTOR = YES;
				GCC_WARN_UNINITIALIZED_AUTOS = YES_AGGRESSIVE;
				GCC_WARN_UNUSED_FUNCTION = YES;
				GCC_WARN_UNUSED_VARIABLE = YES;
				IPHONEOS_DEPLOYMENT_TARGET = 12.4;
				MTL_ENABLE_DEBUG_INFO = INCLUDE_SOURCE;
				MTL_FAST_MATH = YES;
				ONLY_ACTIVE_ARCH = YES;
				SDKROOT = iphoneos;
				SWIFT_ACTIVE_COMPILATION_CONDITIONS = DEBUG;
				SWIFT_OPTIMIZATION_LEVEL = "-Onone";
			};
			name = Debug;
		};
		8A5D382E24C09616003B2824 /* Release */ = {
			isa = XCBuildConfiguration;
			buildSettings = {
				ALWAYS_SEARCH_USER_PATHS = NO;
				CLANG_ANALYZER_NONNULL = YES;
				CLANG_ANALYZER_NUMBER_OBJECT_CONVERSION = YES_AGGRESSIVE;
				CLANG_CXX_LANGUAGE_STANDARD = "gnu++14";
				CLANG_CXX_LIBRARY = "libc++";
				CLANG_ENABLE_MODULES = YES;
				CLANG_ENABLE_OBJC_ARC = YES;
				CLANG_ENABLE_OBJC_WEAK = YES;
				CLANG_WARN_BLOCK_CAPTURE_AUTORELEASING = YES;
				CLANG_WARN_BOOL_CONVERSION = YES;
				CLANG_WARN_COMMA = YES;
				CLANG_WARN_CONSTANT_CONVERSION = YES;
				CLANG_WARN_DEPRECATED_OBJC_IMPLEMENTATIONS = YES;
				CLANG_WARN_DIRECT_OBJC_ISA_USAGE = YES_ERROR;
				CLANG_WARN_DOCUMENTATION_COMMENTS = YES;
				CLANG_WARN_EMPTY_BODY = YES;
				CLANG_WARN_ENUM_CONVERSION = YES;
				CLANG_WARN_INFINITE_RECURSION = YES;
				CLANG_WARN_INT_CONVERSION = YES;
				CLANG_WARN_NON_LITERAL_NULL_CONVERSION = YES;
				CLANG_WARN_OBJC_IMPLICIT_RETAIN_SELF = YES;
				CLANG_WARN_OBJC_LITERAL_CONVERSION = YES;
				CLANG_WARN_OBJC_ROOT_CLASS = YES_ERROR;
				CLANG_WARN_RANGE_LOOP_ANALYSIS = YES;
				CLANG_WARN_STRICT_PROTOTYPES = YES;
				CLANG_WARN_SUSPICIOUS_MOVE = YES;
				CLANG_WARN_UNGUARDED_AVAILABILITY = YES_AGGRESSIVE;
				CLANG_WARN_UNREACHABLE_CODE = YES;
				CLANG_WARN__DUPLICATE_METHOD_MATCH = YES;
				CODE_SIGN_IDENTITY = "iPhone Developer";
				COPY_PHASE_STRIP = NO;
				DEBUG_INFORMATION_FORMAT = "dwarf-with-dsym";
				ENABLE_NS_ASSERTIONS = NO;
				ENABLE_STRICT_OBJC_MSGSEND = YES;
				GCC_C_LANGUAGE_STANDARD = gnu11;
				GCC_NO_COMMON_BLOCKS = YES;
				GCC_WARN_64_TO_32_BIT_CONVERSION = YES;
				GCC_WARN_ABOUT_RETURN_TYPE = YES_ERROR;
				GCC_WARN_UNDECLARED_SELECTOR = YES;
				GCC_WARN_UNINITIALIZED_AUTOS = YES_AGGRESSIVE;
				GCC_WARN_UNUSED_FUNCTION = YES;
				GCC_WARN_UNUSED_VARIABLE = YES;
				IPHONEOS_DEPLOYMENT_TARGET = 12.4;
				MTL_ENABLE_DEBUG_INFO = NO;
				MTL_FAST_MATH = YES;
				SDKROOT = iphoneos;
				SWIFT_COMPILATION_MODE = wholemodule;
				SWIFT_OPTIMIZATION_LEVEL = "-O";
				VALIDATE_PRODUCT = YES;
			};
			name = Release;
		};
		8A5D383024C09616003B2824 /* Debug */ = {
			isa = XCBuildConfiguration;
			buildSettings = {
				ASSETCATALOG_COMPILER_APPICON_NAME = AppIcon;
				CODE_SIGN_STYLE = Automatic;
				INFOPLIST_FILE = DesignPatterns/Info.plist;
				LD_RUNPATH_SEARCH_PATHS = (
					"$(inherited)",
					"@executable_path/Frameworks",
				);
				PRODUCT_BUNDLE_IDENTIFIER = mykhoahoc.org.vn.DesignPatterns;
				PRODUCT_NAME = "$(TARGET_NAME)";
				SWIFT_VERSION = 5.0;
				TARGETED_DEVICE_FAMILY = "1,2";
			};
			name = Debug;
		};
		8A5D383124C09616003B2824 /* Release */ = {
			isa = XCBuildConfiguration;
			buildSettings = {
				ASSETCATALOG_COMPILER_APPICON_NAME = AppIcon;
				CODE_SIGN_STYLE = Automatic;
				INFOPLIST_FILE = DesignPatterns/Info.plist;
				LD_RUNPATH_SEARCH_PATHS = (
					"$(inherited)",
					"@executable_path/Frameworks",
				);
				PRODUCT_BUNDLE_IDENTIFIER = mykhoahoc.org.vn.DesignPatterns;
				PRODUCT_NAME = "$(TARGET_NAME)";
				SWIFT_VERSION = 5.0;
				TARGETED_DEVICE_FAMILY = "1,2";
			};
			name = Release;
		};
		8A5D383324C09616003B2824 /* Debug */ = {
			isa = XCBuildConfiguration;
			buildSettings = {
				ALWAYS_EMBED_SWIFT_STANDARD_LIBRARIES = YES;
				BUNDLE_LOADER = "$(TEST_HOST)";
				CODE_SIGN_STYLE = Automatic;
				INFOPLIST_FILE = DesignPatternsTests/Info.plist;
				LD_RUNPATH_SEARCH_PATHS = (
					"$(inherited)",
					"@executable_path/Frameworks",
					"@loader_path/Frameworks",
				);
				PRODUCT_BUNDLE_IDENTIFIER = mykhoahoc.org.vn.DesignPatternsTests;
				PRODUCT_NAME = "$(TARGET_NAME)";
				SWIFT_VERSION = 5.0;
				TARGETED_DEVICE_FAMILY = "1,2";
				TEST_HOST = "$(BUILT_PRODUCTS_DIR)/DesignPatterns.app/DesignPatterns";
			};
			name = Debug;
		};
		8A5D383424C09616003B2824 /* Release */ = {
			isa = XCBuildConfiguration;
			buildSettings = {
				ALWAYS_EMBED_SWIFT_STANDARD_LIBRARIES = YES;
				BUNDLE_LOADER = "$(TEST_HOST)";
				CODE_SIGN_STYLE = Automatic;
				INFOPLIST_FILE = DesignPatternsTests/Info.plist;
				LD_RUNPATH_SEARCH_PATHS = (
					"$(inherited)",
					"@executable_path/Frameworks",
					"@loader_path/Frameworks",
				);
				PRODUCT_BUNDLE_IDENTIFIER = mykhoahoc.org.vn.DesignPatternsTests;
				PRODUCT_NAME = "$(TARGET_NAME)";
				SWIFT_VERSION = 5.0;
				TARGETED_DEVICE_FAMILY = "1,2";
				TEST_HOST = "$(BUILT_PRODUCTS_DIR)/DesignPatterns.app/DesignPatterns";
			};
			name = Release;
		};
		8A5D383624C09616003B2824 /* Debug */ = {
			isa = XCBuildConfiguration;
			buildSettings = {
				ALWAYS_EMBED_SWIFT_STANDARD_LIBRARIES = YES;
				CODE_SIGN_STYLE = Automatic;
				INFOPLIST_FILE = DesignPatternsUITests/Info.plist;
				LD_RUNPATH_SEARCH_PATHS = (
					"$(inherited)",
					"@executable_path/Frameworks",
					"@loader_path/Frameworks",
				);
				PRODUCT_BUNDLE_IDENTIFIER = mykhoahoc.org.vn.DesignPatternsUITests;
				PRODUCT_NAME = "$(TARGET_NAME)";
				SWIFT_VERSION = 5.0;
				TARGETED_DEVICE_FAMILY = "1,2";
				TEST_TARGET_NAME = DesignPatterns;
			};
			name = Debug;
		};
		8A5D383724C09616003B2824 /* Release */ = {
			isa = XCBuildConfiguration;
			buildSettings = {
				ALWAYS_EMBED_SWIFT_STANDARD_LIBRARIES = YES;
				CODE_SIGN_STYLE = Automatic;
				INFOPLIST_FILE = DesignPatternsUITests/Info.plist;
				LD_RUNPATH_SEARCH_PATHS = (
					"$(inherited)",
					"@executable_path/Frameworks",
					"@loader_path/Frameworks",
				);
				PRODUCT_BUNDLE_IDENTIFIER = mykhoahoc.org.vn.DesignPatternsUITests;
				PRODUCT_NAME = "$(TARGET_NAME)";
				SWIFT_VERSION = 5.0;
				TARGETED_DEVICE_FAMILY = "1,2";
				TEST_TARGET_NAME = DesignPatterns;
			};
			name = Release;
		};
/* End XCBuildConfiguration section */

/* Begin XCConfigurationList section */
		8A5D380224C09615003B2824 /* Build configuration list for PBXProject "DesignPatterns" */ = {
			isa = XCConfigurationList;
			buildConfigurations = (
				8A5D382D24C09616003B2824 /* Debug */,
				8A5D382E24C09616003B2824 /* Release */,
			);
			defaultConfigurationIsVisible = 0;
			defaultConfigurationName = Release;
		};
		8A5D382F24C09616003B2824 /* Build configuration list for PBXNativeTarget "DesignPatterns" */ = {
			isa = XCConfigurationList;
			buildConfigurations = (
				8A5D383024C09616003B2824 /* Debug */,
				8A5D383124C09616003B2824 /* Release */,
			);
			defaultConfigurationIsVisible = 0;
			defaultConfigurationName = Release;
		};
		8A5D383224C09616003B2824 /* Build configuration list for PBXNativeTarget "DesignPatternsTests" */ = {
			isa = XCConfigurationList;
			buildConfigurations = (
				8A5D383324C09616003B2824 /* Debug */,
				8A5D383424C09616003B2824 /* Release */,
			);
			defaultConfigurationIsVisible = 0;
			defaultConfigurationName = Release;
		};
		8A5D383524C09616003B2824 /* Build configuration list for PBXNativeTarget "DesignPatternsUITests" */ = {
			isa = XCConfigurationList;
			buildConfigurations = (
				8A5D383624C09616003B2824 /* Debug */,
				8A5D383724C09616003B2824 /* Release */,
			);
			defaultConfigurationIsVisible = 0;
			defaultConfigurationName = Release;
		};
/* End XCConfigurationList section */
	};
	rootObject = 8A5D37FF24C09615003B2824 /* Project object */;
}
